
Microsoft Visual Studio Solution File, Format Version 12.00
# Visual Studio Version 17
VisualStudioVersion = 17.3.32825.248
MinimumVisualStudioVersion = 10.0.40219.1
Project("{9A19103F-16F7-4668-BE54-9A1E7A4F7556}") = "GEZ_Home", "GEZ_Home\GEZ_Home.csproj", "{B35D8707-5AF1-4860-9B43-FE944D9F11E3}"
EndProject
Project("{2150E333-8FDC-42A3-9474-1A3956D46DE8}") = "Core", "Core", "{FBC8B1F9-BC19-4ECC-A1E4-004350173F14}"
EndProject
Project("{2150E333-8FDC-42A3-9474-1A3956D46DE8}") = "Infrastructure", "Infrastructure", "{E771FEE1-FEB4-44A6-B267-3BEE56345138}"
EndProject
Project("{FAE04EC0-301F-11D3-BF4B-00C04F79EFBC}") = "GEZ.ApplicationService", "GEZ.ApplicationService\GEZ.ApplicationService.csproj", "{748105BD-B52F-4915-8FAF-CDA8C40ECCB2}"
EndProject
Project("{FAE04EC0-301F-11D3-BF4B-00C04F79EFBC}") = "GEZ.Core", "GEZ.Core\GEZ.Core.csproj", "{35664112-9329-4455-B30C-71140F45448D}"
EndProject
Project("{FAE04EC0-301F-11D3-BF4B-00C04F79EFBC}") = "GEZ.Infrastructure", "GEZ.Infrastructure\GEZ.Infrastructure.csproj", "{EEB415E7-4C87-41CF-B0E9-1E985E4B9722}"
EndProject
Project("{FAE04EC0-301F-11D3-BF4B-00C04F79EFBC}") = "GEZ.Persistence", "GEZ.Persistence\GEZ.Persistence.csproj", "{9910EA0D-231C-4320-930C-D002091D2B3F}"
EndProject
Global
	GlobalSection(SolutionConfigurationPlatforms) = preSolution
		Debug|Any CPU = Debug|Any CPU
		Release|Any CPU = Release|Any CPU
	EndGlobalSection
	GlobalSection(ProjectConfigurationPlatforms) = postSolution
		{B35D8707-5AF1-4860-9B43-FE944D9F11E3}.Debug|Any CPU.ActiveCfg = Debug|Any CPU
		{B35D8707-5AF1-4860-9B43-FE944D9F11E3}.Debug|Any CPU.Build.0 = Debug|Any CPU
		{B35D8707-5AF1-4860-9B43-FE944D9F11E3}.Release|Any CPU.ActiveCfg = Release|Any CPU
		{B35D8707-5AF1-4860-9B43-FE944D9F11E3}.Release|Any CPU.Build.0 = Release|Any CPU
		{748105BD-B52F-4915-8FAF-CDA8C40ECCB2}.Debug|Any CPU.ActiveCfg = Debug|Any CPU
		{748105BD-B52F-4915-8FAF-CDA8C40ECCB2}.Debug|Any CPU.Build.0 = Debug|Any CPU
		{748105BD-B52F-4915-8FAF-CDA8C40ECCB2}.Release|Any CPU.ActiveCfg = Release|Any CPU
		{748105BD-B52F-4915-8FAF-CDA8C40ECCB2}.Release|Any CPU.Build.0 = Release|Any CPU
		{35664112-9329-4455-B30C-71140F45448D}.Debug|Any CPU.ActiveCfg = Debug|Any CPU
		{35664112-9329-4455-B30C-71140F45448D}.Debug|Any CPU.Build.0 = Debug|Any CPU
		{35664112-9329-4455-B30C-71140F45448D}.Release|Any CPU.ActiveCfg = Release|Any CPU
		{35664112-9329-4455-B30C-71140F45448D}.Release|Any CPU.Build.0 = Release|Any CPU
		{EEB415E7-4C87-41CF-B0E9-1E985E4B9722}.Debug|Any CPU.ActiveCfg = Debug|Any CPU
		{EEB415E7-4C87-41CF-B0E9-1E985E4B9722}.Debug|Any CPU.Build.0 = Debug|Any CPU
		{EEB415E7-4C87-41CF-B0E9-1E985E4B9722}.Release|Any CPU.ActiveCfg = Release|Any CPU
		{EEB415E7-4C87-41CF-B0E9-1E985E4B9722}.Release|Any CPU.Build.0 = Release|Any CPU
		{9910EA0D-231C-4320-930C-D002091D2B3F}.Debug|Any CPU.ActiveCfg = Debug|Any CPU
		{9910EA0D-231C-4320-930C-D002091D2B3F}.Debug|Any CPU.Build.0 = Debug|Any CPU
		{9910EA0D-231C-4320-930C-D002091D2B3F}.Release|Any CPU.ActiveCfg = Release|Any CPU
		{9910EA0D-231C-4320-930C-D002091D2B3F}.Release|Any CPU.Build.0 = Release|Any CPU
	EndGlobalSection
	GlobalSection(SolutionProperties) = preSolution
		HideSolutionNode = FALSE
	EndGlobalSection
	GlobalSection(NestedProjects) = preSolution
		{748105BD-B52F-4915-8FAF-CDA8C40ECCB2} = {FBC8B1F9-BC19-4ECC-A1E4-004350173F14}
		{35664112-9329-4455-B30C-71140F45448D} = {FBC8B1F9-BC19-4ECC-A1E4-004350173F14}
		{EEB415E7-4C87-41CF-B0E9-1E985E4B9722} = {E771FEE1-FEB4-44A6-B267-3BEE56345138}
		{9910EA0D-231C-4320-930C-D002091D2B3F} = {E771FEE1-FEB4-44A6-B267-3BEE56345138}
	EndGlobalSection
	GlobalSection(ExtensibilityGlobals) = postSolution
		SolutionGuid = {88D62881-053C-4449-A020-8164E827D173}
	EndGlobalSection
EndGlobal
